<?xml version="1.0" encoding="utf-8"?>
<Project ToolsVersion="4.0" xmlns="http://schemas.microsoft.com/developer/msbuild/2003">
  <ItemGroup>
    <Filter Include="Source Files">
      <UniqueIdentifier>{4FC737F1-C7A5-4376-A066-2A32D752A2FF}</UniqueIdentifier>
      <Extensions>cpp;c;cc;cxx;c++;cppm;ixx;def;odl;idl;hpj;bat;asm;asmx</Extensions>
    </Filter>
    <Filter Include="Header Files">
      <UniqueIdentifier>{93995380-89BD-4b04-88EB-625FBE52EBFB}</UniqueIdentifier>
      <Extensions>h;hh;hpp;hxx;h++;hm;inl;inc;ipp;xsd</Extensions>
    </Filter>
    <Filter Include="Resource Files">
      <UniqueIdentifier>{67DA6AB6-F800-4c08-8B7A-83BB121AAD01}</UniqueIdentifier>
      <Extensions>rc;ico;cur;bmp;dlg;rc2;rct;bin;rgs;gif;jpg;jpeg;jpe;resx;tiff;tif;png;wav;mfcribbon-ms</Extensions>
    </Filter>
    <Filter Include="Source Files\graphic_engine">
      <UniqueIdentifier>{d57aba3d-c3fc-4780-959d-6edb2c681c48}</UniqueIdentifier>
    </Filter>
    <Filter Include="Source Files\physics_engine">
      <UniqueIdentifier>{c2bd0ffb-a400-4e32-9848-cb9c49158980}</UniqueIdentifier>
    </Filter>
    <Filter Include="Source Files\external">
      <UniqueIdentifier>{361bf5ac-7a54-418e-a2ac-4b9bdc15f694}</UniqueIdentifier>
    </Filter>
    <Filter Include="Source Files\data_tools">
      <UniqueIdentifier>{12e0c025-99ff-46aa-8fce-ae860425fded}</UniqueIdentifier>
    </Filter>
    <Filter Include="Resource Files\shaders">
      <UniqueIdentifier>{a91c2471-148b-4717-abd3-4e5845e239cd}</UniqueIdentifier>
    </Filter>
    <Filter Include="Source Files\core">
      <UniqueIdentifier>{07ca5de9-7e5c-4412-aec7-f401beac6d51}</UniqueIdentifier>
    </Filter>
    <Filter Include="Source Files\physics_engine\collisions">
      <UniqueIdentifier>{6af4a9a8-5745-4de7-ab8f-0bd8a6fd8d8c}</UniqueIdentifier>
    </Filter>
    <Filter Include="Header Files\physics_engine">
      <UniqueIdentifier>{6f2e5f24-813c-4b10-b166-85820784c512}</UniqueIdentifier>
    </Filter>
    <Filter Include="Header Files\data_tools">
      <UniqueIdentifier>{01a28c85-5679-41f9-a6c1-048ca866c587}</UniqueIdentifier>
    </Filter>
    <Filter Include="Header Files\core">
      <UniqueIdentifier>{9e58cda5-ccf3-49e7-8d75-aa53d691c478}</UniqueIdentifier>
    </Filter>
    <Filter Include="Header Files\common">
      <UniqueIdentifier>{7d9eac6e-ed9a-40a2-8040-631b80350034}</UniqueIdentifier>
    </Filter>
    <Filter Include="Header Files\physics_engine\shapes">
      <UniqueIdentifier>{70a499cf-c5fa-4012-806e-c161ef9b905e}</UniqueIdentifier>
    </Filter>
    <Filter Include="Header Files\physics_engine\collisions">
      <UniqueIdentifier>{9871af27-2620-4968-a9aa-a77e23538d4d}</UniqueIdentifier>
    </Filter>
    <Filter Include="Source Files\physics_engine\shapes">
      <UniqueIdentifier>{e5daeaec-767a-4c6c-a197-ba20dfdc813b}</UniqueIdentifier>
    </Filter>
    <Filter Include="Source Files\common">
      <UniqueIdentifier>{015513e2-1c59-414d-bf63-c2e26c7897f6}</UniqueIdentifier>
    </Filter>
    <Filter Include="Header Files\graphics_engine">
      <UniqueIdentifier>{ffa2106b-c624-4e8d-b510-928b2858504f}</UniqueIdentifier>
    </Filter>
    <Filter Include="Header Files\external">
      <UniqueIdentifier>{325c7c81-42ca-40a6-a598-42a5360ef595}</UniqueIdentifier>
    </Filter>
  </ItemGroup>
  <ItemGroup>
    <ClCompile Include="main.cpp">
      <Filter>Source Files</Filter>
    </ClCompile>
    <ClCompile Include="graphic_engine.cpp">
      <Filter>Source Files\graphic_engine</Filter>
    </ClCompile>
    <ClCompile Include="validation_manager.cpp">
      <Filter>Source Files\graphic_engine</Filter>
    </ClCompile>
    <ClCompile Include="data_manager.cpp">
      <Filter>Source Files\data_tools</Filter>
    </ClCompile>
    <ClCompile Include="physics_engine.cpp">
      <Filter>Source Files\physics_engine</Filter>
    </ClCompile>
    <ClCompile Include="lodepng.cpp">
      <Filter>Source Files\external</Filter>
    </ClCompile>
    <ClCompile Include="vulkan_tools.cpp">
      <Filter>Source Files\graphic_engine</Filter>
    </ClCompile>
    <ClCompile Include="app.cpp">
      <Filter>Source Files\core</Filter>
    </ClCompile>
    <ClCompile Include="fps_counter.cpp">
      <Filter>Source Files\core</Filter>
    </ClCompile>
    <ClCompile Include="graphic_engine_builders.cpp">
      <Filter>Source Files\graphic_engine</Filter>
    </ClCompile>
    <ClCompile Include="vulkan_device.cpp">
      <Filter>Source Files\graphic_engine</Filter>
    </ClCompile>
    <ClCompile Include="vulkan_swapchain.cpp">
      <Filter>Source Files\graphic_engine</Filter>
    </ClCompile>
    <ClCompile Include="shader_manager.cpp">
      <Filter>Source Files\graphic_engine</Filter>
    </ClCompile>
    <ClCompile Include="log_tools.cpp">
      <Filter>Source Files\graphic_engine</Filter>
    </ClCompile>
    <ClCompile Include="vulkan_buffer.cpp">
      <Filter>Source Files\graphic_engine</Filter>
    </ClCompile>
    <ClCompile Include="vk_image_builder.cpp">
      <Filter>Source Files\graphic_engine</Filter>
    </ClCompile>
    <ClCompile Include="rigid_body.cpp">
      <Filter>Source Files\physics_engine</Filter>
    </ClCompile>
    <ClCompile Include="controller.cpp">
      <Filter>Source Files\core</Filter>
    </ClCompile>
    <ClCompile Include="vertex_source.h">
      <Filter>Header Files\data_tools</Filter>
    </ClCompile>
    <ClCompile Include="transform.h">
      <Filter>Header Files\core</Filter>
    </ClCompile>
    <ClCompile Include="random_helper.h">
      <Filter>Header Files\common</Filter>
    </ClCompile>
    <ClCompile Include="color.h">
      <Filter>Header Files\common</Filter>
    </ClCompile>
    <ClCompile Include="math_tools.h">
      <Filter>Header Files\common</Filter>
    </ClCompile>
    <ClCompile Include="vec2_tools.h">
      <Filter>Header Files\common</Filter>
    </ClCompile>
    <ClCompile Include="shape.h">
      <Filter>Header Files\physics_engine\shapes</Filter>
    </ClCompile>
    <ClCompile Include="detectors.cpp">
      <Filter>Source Files\physics_engine\collisions</Filter>
    </ClCompile>
    <ClCompile Include="resolvers.cpp">
      <Filter>Source Files\physics_engine\collisions</Filter>
    </ClCompile>
    <ClCompile Include="color.cpp">
      <Filter>Source Files\common</Filter>
    </ClCompile>
    <ClCompile Include="vec2_tools.cpp">
      <Filter>Source Files\common</Filter>
    </ClCompile>
    <ClCompile Include="random_helper.cpp">
      <Filter>Source Files\common</Filter>
    </ClCompile>
    <ClCompile Include="math_tools.cpp">
      <Filter>Source Files\common</Filter>
    </ClCompile>
    <ClCompile Include="transform.cpp">
      <Filter>Source Files\core</Filter>
    </ClCompile>
    <ClCompile Include="object.h">
      <Filter>Header Files\core</Filter>
    </ClCompile>
    <ClCompile Include="object.cpp">
      <Filter>Source Files\core</Filter>
    </ClCompile>
    <ClCompile Include="vertex.cpp">
      <Filter>Source Files\data_tools</Filter>
    </ClCompile>
    <ClCompile Include="window_manager.cpp">
      <Filter>Source Files\core</Filter>
    </ClCompile>
    <ClCompile Include="shape_creator.cpp">
      <Filter>Source Files\physics_engine\shapes</Filter>
    </ClCompile>
    <ClCompile Include="shape.cpp">
      <Filter>Source Files\physics_engine\shapes</Filter>
    </ClCompile>
    <ClCompile Include="GJK2D.cpp">
      <Filter>Source Files\physics_engine\collisions</Filter>
    </ClCompile>
  </ItemGroup>
  <ItemGroup>
    <None Include="frag.spv">
      <Filter>Resource Files\shaders</Filter>
    </None>
    <None Include="shader.frag">
      <Filter>Resource Files\shaders</Filter>
    </None>
    <None Include="shader.vert">
      <Filter>Resource Files\shaders</Filter>
    </None>
    <None Include="vert.spv">
      <Filter>Resource Files\shaders</Filter>
    </None>
  </ItemGroup>
  <ItemGroup>
    <ClInclude Include="vertex.h">
      <Filter>Header Files\data_tools</Filter>
    </ClInclude>
    <ClInclude Include="detectors.h">
      <Filter>Header Files\physics_engine\collisions</Filter>
    </ClInclude>
    <ClInclude Include="resolvers.h">
      <Filter>Header Files\physics_engine\collisions</Filter>
    </ClInclude>
    <ClInclude Include="rigid_body.h">
      <Filter>Header Files\physics_engine</Filter>
    </ClInclude>
    <ClInclude Include="vulkan_vec.h">
      <Filter>Header Files\data_tools</Filter>
    </ClInclude>
    <ClInclude Include="window_manager.h">
      <Filter>Header Files\core</Filter>
    </ClInclude>
    <ClInclude Include="data_manager.h">
      <Filter>Header Files\data_tools</Filter>
    </ClInclude>
    <ClInclude Include="physics_engine.h">
      <Filter>Header Files\physics_engine</Filter>
    </ClInclude>
    <ClInclude Include="controller.h">
      <Filter>Header Files\core</Filter>
    </ClInclude>
    <ClInclude Include="fps_counter.h">
      <Filter>Header Files\core</Filter>
    </ClInclude>
    <ClInclude Include="log_tools.h">
      <Filter>Header Files\graphics_engine</Filter>
    </ClInclude>
    <ClInclude Include="vulkan_tools.h">
      <Filter>Header Files\graphics_engine</Filter>
    </ClInclude>
    <ClInclude Include="validation_manager.h">
      <Filter>Header Files\graphics_engine</Filter>
    </ClInclude>
    <ClInclude Include="vulkan_device.h">
      <Filter>Header Files\graphics_engine</Filter>
    </ClInclude>
    <ClInclude Include="vulkan_buffer.h">
      <Filter>Header Files\graphics_engine</Filter>
    </ClInclude>
    <ClInclude Include="vk_image_builder.h">
      <Filter>Header Files\graphics_engine</Filter>
    </ClInclude>
    <ClInclude Include="vulkan_swapchain.h">
      <Filter>Header Files\graphics_engine</Filter>
    </ClInclude>
    <ClInclude Include="shader_manager.h">
      <Filter>Header Files\graphics_engine</Filter>
    </ClInclude>
    <ClInclude Include="graphic_engine_builders.h">
      <Filter>Header Files\graphics_engine</Filter>
    </ClInclude>
    <ClInclude Include="graphic_engine.h">
      <Filter>Header Files\graphics_engine</Filter>
    </ClInclude>
    <ClInclude Include="app.h">
      <Filter>Header Files\core</Filter>
    </ClInclude>
    <ClInclude Include="lodepng.h">
      <Filter>Header Files\external</Filter>
    </ClInclude>
    <ClInclude Include="collision.h">
      <Filter>Header Files\physics_engine\collisions</Filter>
    </ClInclude>
    <ClInclude Include="shape_creator.h">
      <Filter>Header Files\physics_engine\shapes</Filter>
    </ClInclude>
    <ClInclude Include="GJK2D.h">
      <Filter>Header Files\physics_engine\collisions</Filter>
    </ClInclude>
  </ItemGroup>
  <ItemGroup>
    <Image Include="icon.png">
      <Filter>Resource Files</Filter>
    </Image>
  </ItemGroup>
</Project>