<?xml version="1.0" encoding="utf-8"?>
<Project ToolsVersion="4.0" xmlns="http://schemas.microsoft.com/developer/msbuild/2003">
  <ItemGroup>
    <Filter Include="Source Files">
      <UniqueIdentifier>{4FC737F1-C7A5-4376-A066-2A32D752A2FF}</UniqueIdentifier>
      <Extensions>cpp;c;cc;cxx;c++;cppm;ixx;def;odl;idl;hpj;bat;asm;asmx</Extensions>
    </Filter>
    <Filter Include="Header Files">
      <UniqueIdentifier>{93995380-89BD-4b04-88EB-625FBE52EBFB}</UniqueIdentifier>
      <Extensions>h;hh;hpp;hxx;h++;hm;inl;inc;ipp;xsd</Extensions>
    </Filter>
    <Filter Include="Resource Files">
      <UniqueIdentifier>{67DA6AB6-F800-4c08-8B7A-83BB121AAD01}</UniqueIdentifier>
      <Extensions>rc;ico;cur;bmp;dlg;rc2;rct;bin;rgs;gif;jpg;jpeg;jpe;resx;tiff;tif;png;wav;mfcribbon-ms</Extensions>
    </Filter>
    <Filter Include="Source Files\graphic_engine">
      <UniqueIdentifier>{d57aba3d-c3fc-4780-959d-6edb2c681c48}</UniqueIdentifier>
    </Filter>
    <Filter Include="Source Files\physics_engine">
      <UniqueIdentifier>{c2bd0ffb-a400-4e32-9848-cb9c49158980}</UniqueIdentifier>
    </Filter>
    <Filter Include="Source Files\external">
      <UniqueIdentifier>{361bf5ac-7a54-418e-a2ac-4b9bdc15f694}</UniqueIdentifier>
    </Filter>
    <Filter Include="Source Files\data_tools">
      <UniqueIdentifier>{12e0c025-99ff-46aa-8fce-ae860425fded}</UniqueIdentifier>
    </Filter>
    <Filter Include="Source Files\core">
      <UniqueIdentifier>{07ca5de9-7e5c-4412-aec7-f401beac6d51}</UniqueIdentifier>
    </Filter>
    <Filter Include="Source Files\window">
      <UniqueIdentifier>{85bc2ad7-7f22-42d2-bdaf-6858d2ef4164}</UniqueIdentifier>
    </Filter>
    <Filter Include="Source Files\common">
      <UniqueIdentifier>{f86dbedd-ec94-47b0-820a-f90e2ae5fa78}</UniqueIdentifier>
    </Filter>
    <Filter Include="Resource Files\shaders">
      <UniqueIdentifier>{a91c2471-148b-4717-abd3-4e5845e239cd}</UniqueIdentifier>
    </Filter>
  </ItemGroup>
  <ItemGroup>
    <ClCompile Include="main.cpp">
      <Filter>Source Files</Filter>
    </ClCompile>
    <ClCompile Include="graphic_engine.cpp">
      <Filter>Source Files\graphic_engine</Filter>
    </ClCompile>
    <ClCompile Include="validation_manager.cpp">
      <Filter>Source Files\graphic_engine</Filter>
    </ClCompile>
    <ClCompile Include="data_manager.cpp">
      <Filter>Source Files\data_tools</Filter>
    </ClCompile>
    <ClCompile Include="vertex.cpp">
      <Filter>Source Files\data_tools</Filter>
    </ClCompile>
    <ClCompile Include="physics_engine.cpp">
      <Filter>Source Files\physics_engine</Filter>
    </ClCompile>
    <ClCompile Include="lodepng.cpp">
      <Filter>Source Files\external</Filter>
    </ClCompile>
    <ClCompile Include="vulkan_tools.cpp">
      <Filter>Source Files\graphic_engine</Filter>
    </ClCompile>
    <ClCompile Include="color.cpp">
      <Filter>Source Files\data_tools</Filter>
    </ClCompile>
    <ClCompile Include="app.cpp">
      <Filter>Source Files\core</Filter>
    </ClCompile>
    <ClCompile Include="fps_counter.cpp">
      <Filter>Source Files\core</Filter>
    </ClCompile>
    <ClCompile Include="window_manager.cpp">
      <Filter>Source Files\window</Filter>
    </ClCompile>
    <ClCompile Include="aabb.cpp">
      <Filter>Source Files\common</Filter>
    </ClCompile>
    <ClCompile Include="random_helper.cpp">
      <Filter>Source Files\common</Filter>
    </ClCompile>
    <ClCompile Include="graphic_engine_builders.cpp">
      <Filter>Source Files\graphic_engine</Filter>
    </ClCompile>
    <ClCompile Include="vulkan_device.cpp">
      <Filter>Source Files\graphic_engine</Filter>
    </ClCompile>
    <ClCompile Include="vulkan_swapchain.cpp">
      <Filter>Source Files\graphic_engine</Filter>
    </ClCompile>
    <ClCompile Include="shader_manager.cpp">
      <Filter>Source Files\graphic_engine</Filter>
    </ClCompile>
    <ClCompile Include="log_tools.cpp">
      <Filter>Source Files\graphic_engine</Filter>
    </ClCompile>
    <ClCompile Include="vulkan_buffer.cpp">
      <Filter>Source Files\graphic_engine</Filter>
    </ClCompile>
    <ClCompile Include="circle.cpp">
      <Filter>Source Files\common</Filter>
    </ClCompile>
    <ClCompile Include="vertex_source.cpp">
      <Filter>Source Files\data_tools</Filter>
    </ClCompile>
  </ItemGroup>
  <ItemGroup>
    <None Include="frag.spv">
      <Filter>Resource Files\shaders</Filter>
    </None>
    <None Include="shader.frag">
      <Filter>Resource Files\shaders</Filter>
    </None>
    <None Include="shader.vert">
      <Filter>Resource Files\shaders</Filter>
    </None>
    <None Include="vert.spv">
      <Filter>Resource Files\shaders</Filter>
    </None>
  </ItemGroup>
  <ItemGroup>
    <ClInclude Include="lodepng.h">
      <Filter>Header Files</Filter>
    </ClInclude>
  </ItemGroup>
  <ItemGroup>
    <Image Include="icon.png">
      <Filter>Resource Files</Filter>
    </Image>
  </ItemGroup>
</Project>